
Microsoft Visual Studio Solution File, Format Version 12.00
# Visual Studio Version 17
VisualStudioVersion = 17.0.31903.59
MinimumVisualStudioVersion = 10.0.40219.1
Project("{FAE04EC0-301F-11D3-BF4B-00C04F79EFBC}") = "exercicio1", "exercicio1\exercicio1.csproj", "{18D39035-4A62-4A31-B9B9-BC5ABDF7173C}"
EndProject
Project("{FAE04EC0-301F-11D3-BF4B-00C04F79EFBC}") = "exercicio2", "exercicio2\exercicio2.csproj", "{8327C0EB-925F-430E-A819-7B20E4D0C166}"
EndProject
Project("{FAE04EC0-301F-11D3-BF4B-00C04F79EFBC}") = "exercicio3", "exercicio3\exercicio3.csproj", "{DC658FFF-E0AC-4F3E-A32D-0A386EB1C088}"
EndProject
Project("{FAE04EC0-301F-11D3-BF4B-00C04F79EFBC}") = "exercicio4", "exercicio4\exercicio4.csproj", "{EBEB1A03-EE0F-4E13-8F25-4D4C06D03762}"
EndProject
Project("{FAE04EC0-301F-11D3-BF4B-00C04F79EFBC}") = "exercicio5", "exercicio5\exercicio5.csproj", "{6D75DBF7-A698-4230-A104-71E197B3A89D}"
EndProject
Project("{FAE04EC0-301F-11D3-BF4B-00C04F79EFBC}") = "exercicio5.1", "exercicio5.1\exercicio5.1.csproj", "{C7A25BAD-2E76-45E2-91A5-A1812741A197}"
EndProject
Project("{FAE04EC0-301F-11D3-BF4B-00C04F79EFBC}") = "exercicio5.2", "exercicio5.2\exercicio5.2.csproj", "{D693226C-778E-4BDE-A909-D6C7FDB32978}"
EndProject
Project("{FAE04EC0-301F-11D3-BF4B-00C04F79EFBC}") = "exercicio5.3", "exercicio5.3\exercicio5.3.csproj", "{E7ABC990-D5A1-4B78-8646-E8384FE19ECF}"
EndProject
Project("{FAE04EC0-301F-11D3-BF4B-00C04F79EFBC}") = "exercicio6", "exercicio6\exercicio6.csproj", "{8E408002-E380-45AF-B4C3-A3F464022230}"
EndProject
Project("{FAE04EC0-301F-11D3-BF4B-00C04F79EFBC}") = "exercicio7", "exercicio7\exercicio7.csproj", "{D1EA0EFD-D080-445D-93D6-2046ABEBADDD}"
EndProject
Project("{FAE04EC0-301F-11D3-BF4B-00C04F79EFBC}") = "exercicio8", "exercicio8\exercicio8.csproj", "{FCFD3701-4C50-4F17-8692-BD909AFE546F}"
EndProject
Project("{FAE04EC0-301F-11D3-BF4B-00C04F79EFBC}") = "exercicio9", "exercicio9\exercicio9.csproj", "{DCBE0ECA-DECA-4086-B0CA-0546A4C38A0D}"
EndProject
Project("{FAE04EC0-301F-11D3-BF4B-00C04F79EFBC}") = "exercicio9.1", "exercicio9.1\exercicio9.1.csproj", "{AB27343C-6126-448F-B494-F91CABC6A9D0}"
EndProject
Project("{FAE04EC0-301F-11D3-BF4B-00C04F79EFBC}") = "exercicio9.2", "exercicio9.2\exercicio9.2.csproj", "{709539C0-0034-442F-9BA3-32B8595EEF74}"
EndProject
Project("{FAE04EC0-301F-11D3-BF4B-00C04F79EFBC}") = "exercicios10", "exercicios10\exercicios10.csproj", "{78DA9D01-8969-4511-983E-296D8E3E7A5E}"
EndProject
Project("{FAE04EC0-301F-11D3-BF4B-00C04F79EFBC}") = "exercicio10.1", "exercicio10.1\exercicio10.1.csproj", "{93409BE5-1F61-4B67-9281-D2C1025C5731}"
EndProject
Project("{FAE04EC0-301F-11D3-BF4B-00C04F79EFBC}") = "exercicio11", "exercicio11\exercicio11.csproj", "{A9116F9C-915E-4FB6-94A3-4A3FC24B8628}"
EndProject
Project("{FAE04EC0-301F-11D3-BF4B-00C04F79EFBC}") = "exercicio10", "exercicio10\exercicio10.csproj", "{0E80B9F3-5133-4D94-9FE0-D7A488658A40}"
EndProject
Project("{FAE04EC0-301F-11D3-BF4B-00C04F79EFBC}") = "exercicio11.1", "exercicio11.1\exercicio11.1.csproj", "{1C528C75-3CAB-4963-8992-2282173AD597}"
EndProject
Project("{FAE04EC0-301F-11D3-BF4B-00C04F79EFBC}") = "exercicio11.2", "exercicio11.2\exercicio11.2.csproj", "{FAFF6BD1-54C1-41D1-91E5-161BE5818CA2}"
EndProject
Project("{FAE04EC0-301F-11D3-BF4B-00C04F79EFBC}") = "exercicio11.3", "exercicio11.3\exercicio11.3.csproj", "{913688A2-0E02-4701-B375-81AF924B5AB2}"
EndProject
Global
	GlobalSection(SolutionConfigurationPlatforms) = preSolution
		Debug|Any CPU = Debug|Any CPU
		Release|Any CPU = Release|Any CPU
	EndGlobalSection
	GlobalSection(SolutionProperties) = preSolution
		HideSolutionNode = FALSE
	EndGlobalSection
	GlobalSection(ProjectConfigurationPlatforms) = postSolution
		{18D39035-4A62-4A31-B9B9-BC5ABDF7173C}.Debug|Any CPU.ActiveCfg = Debug|Any CPU
		{18D39035-4A62-4A31-B9B9-BC5ABDF7173C}.Debug|Any CPU.Build.0 = Debug|Any CPU
		{18D39035-4A62-4A31-B9B9-BC5ABDF7173C}.Release|Any CPU.ActiveCfg = Release|Any CPU
		{18D39035-4A62-4A31-B9B9-BC5ABDF7173C}.Release|Any CPU.Build.0 = Release|Any CPU
		{8327C0EB-925F-430E-A819-7B20E4D0C166}.Debug|Any CPU.ActiveCfg = Debug|Any CPU
		{8327C0EB-925F-430E-A819-7B20E4D0C166}.Debug|Any CPU.Build.0 = Debug|Any CPU
		{8327C0EB-925F-430E-A819-7B20E4D0C166}.Release|Any CPU.ActiveCfg = Release|Any CPU
		{8327C0EB-925F-430E-A819-7B20E4D0C166}.Release|Any CPU.Build.0 = Release|Any CPU
		{DC658FFF-E0AC-4F3E-A32D-0A386EB1C088}.Debug|Any CPU.ActiveCfg = Debug|Any CPU
		{DC658FFF-E0AC-4F3E-A32D-0A386EB1C088}.Debug|Any CPU.Build.0 = Debug|Any CPU
		{DC658FFF-E0AC-4F3E-A32D-0A386EB1C088}.Release|Any CPU.ActiveCfg = Release|Any CPU
		{DC658FFF-E0AC-4F3E-A32D-0A386EB1C088}.Release|Any CPU.Build.0 = Release|Any CPU
		{EBEB1A03-EE0F-4E13-8F25-4D4C06D03762}.Debug|Any CPU.ActiveCfg = Debug|Any CPU
		{EBEB1A03-EE0F-4E13-8F25-4D4C06D03762}.Debug|Any CPU.Build.0 = Debug|Any CPU
		{EBEB1A03-EE0F-4E13-8F25-4D4C06D03762}.Release|Any CPU.ActiveCfg = Release|Any CPU
		{EBEB1A03-EE0F-4E13-8F25-4D4C06D03762}.Release|Any CPU.Build.0 = Release|Any CPU
		{6D75DBF7-A698-4230-A104-71E197B3A89D}.Debug|Any CPU.ActiveCfg = Debug|Any CPU
		{6D75DBF7-A698-4230-A104-71E197B3A89D}.Debug|Any CPU.Build.0 = Debug|Any CPU
		{6D75DBF7-A698-4230-A104-71E197B3A89D}.Release|Any CPU.ActiveCfg = Release|Any CPU
		{6D75DBF7-A698-4230-A104-71E197B3A89D}.Release|Any CPU.Build.0 = Release|Any CPU
		{C7A25BAD-2E76-45E2-91A5-A1812741A197}.Debug|Any CPU.ActiveCfg = Debug|Any CPU
		{C7A25BAD-2E76-45E2-91A5-A1812741A197}.Debug|Any CPU.Build.0 = Debug|Any CPU
		{C7A25BAD-2E76-45E2-91A5-A1812741A197}.Release|Any CPU.ActiveCfg = Release|Any CPU
		{C7A25BAD-2E76-45E2-91A5-A1812741A197}.Release|Any CPU.Build.0 = Release|Any CPU
		{D693226C-778E-4BDE-A909-D6C7FDB32978}.Debug|Any CPU.ActiveCfg = Debug|Any CPU
		{D693226C-778E-4BDE-A909-D6C7FDB32978}.Debug|Any CPU.Build.0 = Debug|Any CPU
		{D693226C-778E-4BDE-A909-D6C7FDB32978}.Release|Any CPU.ActiveCfg = Release|Any CPU
		{D693226C-778E-4BDE-A909-D6C7FDB32978}.Release|Any CPU.Build.0 = Release|Any CPU
		{E7ABC990-D5A1-4B78-8646-E8384FE19ECF}.Debug|Any CPU.ActiveCfg = Debug|Any CPU
		{E7ABC990-D5A1-4B78-8646-E8384FE19ECF}.Debug|Any CPU.Build.0 = Debug|Any CPU
		{E7ABC990-D5A1-4B78-8646-E8384FE19ECF}.Release|Any CPU.ActiveCfg = Release|Any CPU
		{E7ABC990-D5A1-4B78-8646-E8384FE19ECF}.Release|Any CPU.Build.0 = Release|Any CPU
		{8E408002-E380-45AF-B4C3-A3F464022230}.Debug|Any CPU.ActiveCfg = Debug|Any CPU
		{8E408002-E380-45AF-B4C3-A3F464022230}.Debug|Any CPU.Build.0 = Debug|Any CPU
		{8E408002-E380-45AF-B4C3-A3F464022230}.Release|Any CPU.ActiveCfg = Release|Any CPU
		{8E408002-E380-45AF-B4C3-A3F464022230}.Release|Any CPU.Build.0 = Release|Any CPU
		{D1EA0EFD-D080-445D-93D6-2046ABEBADDD}.Debug|Any CPU.ActiveCfg = Debug|Any CPU
		{D1EA0EFD-D080-445D-93D6-2046ABEBADDD}.Debug|Any CPU.Build.0 = Debug|Any CPU
		{D1EA0EFD-D080-445D-93D6-2046ABEBADDD}.Release|Any CPU.ActiveCfg = Release|Any CPU
		{D1EA0EFD-D080-445D-93D6-2046ABEBADDD}.Release|Any CPU.Build.0 = Release|Any CPU
		{FCFD3701-4C50-4F17-8692-BD909AFE546F}.Debug|Any CPU.ActiveCfg = Debug|Any CPU
		{FCFD3701-4C50-4F17-8692-BD909AFE546F}.Debug|Any CPU.Build.0 = Debug|Any CPU
		{FCFD3701-4C50-4F17-8692-BD909AFE546F}.Release|Any CPU.ActiveCfg = Release|Any CPU
		{FCFD3701-4C50-4F17-8692-BD909AFE546F}.Release|Any CPU.Build.0 = Release|Any CPU
		{DCBE0ECA-DECA-4086-B0CA-0546A4C38A0D}.Debug|Any CPU.ActiveCfg = Debug|Any CPU
		{DCBE0ECA-DECA-4086-B0CA-0546A4C38A0D}.Debug|Any CPU.Build.0 = Debug|Any CPU
		{DCBE0ECA-DECA-4086-B0CA-0546A4C38A0D}.Release|Any CPU.ActiveCfg = Release|Any CPU
		{DCBE0ECA-DECA-4086-B0CA-0546A4C38A0D}.Release|Any CPU.Build.0 = Release|Any CPU
		{AB27343C-6126-448F-B494-F91CABC6A9D0}.Debug|Any CPU.ActiveCfg = Debug|Any CPU
		{AB27343C-6126-448F-B494-F91CABC6A9D0}.Debug|Any CPU.Build.0 = Debug|Any CPU
		{AB27343C-6126-448F-B494-F91CABC6A9D0}.Release|Any CPU.ActiveCfg = Release|Any CPU
		{AB27343C-6126-448F-B494-F91CABC6A9D0}.Release|Any CPU.Build.0 = Release|Any CPU
		{709539C0-0034-442F-9BA3-32B8595EEF74}.Debug|Any CPU.ActiveCfg = Debug|Any CPU
		{709539C0-0034-442F-9BA3-32B8595EEF74}.Debug|Any CPU.Build.0 = Debug|Any CPU
		{709539C0-0034-442F-9BA3-32B8595EEF74}.Release|Any CPU.ActiveCfg = Release|Any CPU
		{709539C0-0034-442F-9BA3-32B8595EEF74}.Release|Any CPU.Build.0 = Release|Any CPU
		{78DA9D01-8969-4511-983E-296D8E3E7A5E}.Debug|Any CPU.ActiveCfg = Debug|Any CPU
		{78DA9D01-8969-4511-983E-296D8E3E7A5E}.Debug|Any CPU.Build.0 = Debug|Any CPU
		{78DA9D01-8969-4511-983E-296D8E3E7A5E}.Release|Any CPU.ActiveCfg = Release|Any CPU
		{78DA9D01-8969-4511-983E-296D8E3E7A5E}.Release|Any CPU.Build.0 = Release|Any CPU
		{93409BE5-1F61-4B67-9281-D2C1025C5731}.Debug|Any CPU.ActiveCfg = Debug|Any CPU
		{93409BE5-1F61-4B67-9281-D2C1025C5731}.Debug|Any CPU.Build.0 = Debug|Any CPU
		{93409BE5-1F61-4B67-9281-D2C1025C5731}.Release|Any CPU.ActiveCfg = Release|Any CPU
		{93409BE5-1F61-4B67-9281-D2C1025C5731}.Release|Any CPU.Build.0 = Release|Any CPU
		{A9116F9C-915E-4FB6-94A3-4A3FC24B8628}.Debug|Any CPU.ActiveCfg = Debug|Any CPU
		{A9116F9C-915E-4FB6-94A3-4A3FC24B8628}.Debug|Any CPU.Build.0 = Debug|Any CPU
		{A9116F9C-915E-4FB6-94A3-4A3FC24B8628}.Release|Any CPU.ActiveCfg = Release|Any CPU
		{A9116F9C-915E-4FB6-94A3-4A3FC24B8628}.Release|Any CPU.Build.0 = Release|Any CPU
		{0E80B9F3-5133-4D94-9FE0-D7A488658A40}.Debug|Any CPU.ActiveCfg = Debug|Any CPU
		{0E80B9F3-5133-4D94-9FE0-D7A488658A40}.Debug|Any CPU.Build.0 = Debug|Any CPU
		{0E80B9F3-5133-4D94-9FE0-D7A488658A40}.Release|Any CPU.ActiveCfg = Release|Any CPU
		{0E80B9F3-5133-4D94-9FE0-D7A488658A40}.Release|Any CPU.Build.0 = Release|Any CPU
		{1C528C75-3CAB-4963-8992-2282173AD597}.Debug|Any CPU.ActiveCfg = Debug|Any CPU
		{1C528C75-3CAB-4963-8992-2282173AD597}.Debug|Any CPU.Build.0 = Debug|Any CPU
		{1C528C75-3CAB-4963-8992-2282173AD597}.Release|Any CPU.ActiveCfg = Release|Any CPU
		{1C528C75-3CAB-4963-8992-2282173AD597}.Release|Any CPU.Build.0 = Release|Any CPU
		{FAFF6BD1-54C1-41D1-91E5-161BE5818CA2}.Debug|Any CPU.ActiveCfg = Debug|Any CPU
		{FAFF6BD1-54C1-41D1-91E5-161BE5818CA2}.Debug|Any CPU.Build.0 = Debug|Any CPU
		{FAFF6BD1-54C1-41D1-91E5-161BE5818CA2}.Release|Any CPU.ActiveCfg = Release|Any CPU
		{FAFF6BD1-54C1-41D1-91E5-161BE5818CA2}.Release|Any CPU.Build.0 = Release|Any CPU
		{913688A2-0E02-4701-B375-81AF924B5AB2}.Debug|Any CPU.ActiveCfg = Debug|Any CPU
		{913688A2-0E02-4701-B375-81AF924B5AB2}.Debug|Any CPU.Build.0 = Debug|Any CPU
		{913688A2-0E02-4701-B375-81AF924B5AB2}.Release|Any CPU.ActiveCfg = Release|Any CPU
		{913688A2-0E02-4701-B375-81AF924B5AB2}.Release|Any CPU.Build.0 = Release|Any CPU
	EndGlobalSection
EndGlobal
